[[package]]
category = "main"
description = "Produce colored terminal text with an xml-like markup"
name = "ansimarkup"
optional = false
python-versions = "*"
version = "1.4.0"

[package.dependencies]
colorama = "*"

[[package]]
category = "main"
description = "textwrap, but savvy to ANSI colors and styles"
name = "ansiwrap"
optional = false
python-versions = "*"
version = "0.8.4"

[package.dependencies]
textwrap3 = ">=0.9.2"

[[package]]
category = "dev"
description = "A small Python module for determining appropriate platform-specific dirs, e.g. a \"user data dir\"."
name = "appdirs"
optional = false
python-versions = "*"
version = "1.4.3"

[[package]]
category = "main"
description = "Disable App Nap on OS X 10.9"
marker = "sys_platform == \"darwin\""
name = "appnope"
optional = false
python-versions = "*"
version = "0.1.0"

[[package]]
category = "main"
description = "Another Python SQLite Wrapper"
name = "apsw"
optional = false
python-versions = "*"
version = "3.9.2-r1"

[[package]]
category = "main"
description = "Classes Without Boilerplate"
name = "attrs"
optional = false
python-versions = ">=2.7, !=3.0.*, !=3.1.*, !=3.2.*, !=3.3.*"
version = "19.1.0"

[[package]]
category = "main"
description = "Specifications for callback functions passed in to an API"
name = "backcall"
optional = false
python-versions = "*"
version = "0.1.0"

[[package]]
category = "main"
description = "Pretty and helpful exceptions, automatically"
name = "better-exceptions-fork"
optional = false
python-versions = "*"
version = "0.2.1.post6"

[package.dependencies]
ansimarkup = ">=1.3.0"
colorama = "*"
pygments = ">=2.2.0"

[[package]]
category = "dev"
description = "The uncompromising code formatter."
name = "black"
optional = false
python-versions = ">=3.6"
version = "19.3b0"

[package.dependencies]
appdirs = "*"
attrs = ">=18.1.0"
click = ">=6.5"
toml = ">=0.9.4"

[[package]]
category = "main"
description = "An easy safelist-based HTML-sanitizing tool."
name = "bleach"
optional = false
python-versions = ">=2.7, !=3.0.*, !=3.1.*, !=3.2.*, !=3.3.*"
version = "3.1.0"

[package.dependencies]
six = ">=1.9.0"
webencodings = "*"

[[package]]
category = "main"
description = "Python package for providing Mozilla's CA Bundle."
name = "certifi"
optional = false
python-versions = "*"
version = "2019.3.9"

[[package]]
category = "main"
description = "Foreign Function Interface for Python calling C code."
marker = "sys_platform == \"win32\" and platform_python_implementation == \"CPython\""
name = "cffi"
optional = false
python-versions = "*"
version = "1.12.3"

[package.dependencies]
pycparser = "*"

[[package]]
category = "main"
description = "Universal encoding detector for Python 2 and 3"
name = "chardet"
optional = false
python-versions = "*"
version = "3.0.4"

[[package]]
category = "main"
description = "Composable command line interface toolkit"
name = "click"
optional = false
python-versions = ">=2.7, !=3.0.*, !=3.1.*, !=3.2.*, !=3.3.*"
version = "7.0"

[[package]]
category = "main"
description = "Cross-platform colored terminal text."
name = "colorama"
optional = false
python-versions = ">=2.7, !=3.0.*, !=3.1.*, !=3.2.*, !=3.3.*"
version = "0.4.1"

[[package]]
category = "main"
description = "Creation and manipulation of parameter configuration spaces for automated algorithm configuration and hyperparameter tuning."
name = "configspace"
optional = false
python-versions = ">=3.4.*"
version = "0.4.10"

[package.dependencies]
Cython = "*"
numpy = "*"
pyparsing = "*"
typing = "*"

[[package]]
category = "main"
description = "The Cython compiler for writing C extensions for the Python language."
name = "cython"
optional = false
python-versions = ">=2.6, !=3.0.*, !=3.1.*, !=3.2.*"
version = "0.29.7"

[[package]]
category = "main"
description = "Better living through Python with decorators"
name = "decorator"
optional = false
python-versions = ">=2.6, !=3.0.*, !=3.1.*"
version = "4.4.0"

[[package]]
category = "main"
description = "XML bomb protection for Python stdlib modules"
name = "defusedxml"
optional = false
python-versions = ">=2.7, !=3.0.*, !=3.1.*, !=3.2.*, !=3.3.*, !=3.4.*"
version = "0.6.0"

[[package]]
category = "main"
description = "Discover and load entry points from installed packages."
name = "entrypoints"
optional = false
python-versions = ">=2.7"
version = "0.3"

[[package]]
category = "main"
description = "Clean single-source support for Python 3 and 2"
name = "future"
optional = false
python-versions = ">=2.6, !=3.0.*, !=3.1.*, !=3.2.*"
version = "0.17.1"

[[package]]
category = "main"
description = "Coroutine-based network library"
name = "gevent"
optional = false
python-versions = ">=2.7,!=3.0.*,!=3.1.*,!=3.2.*,!=3.3.*"
version = "1.4.0"

[package.dependencies]
cffi = ">=1.11.5"
greenlet = ">=0.4.14"

[[package]]
category = "main"
description = "Lightweight in-process concurrent programming"
marker = "platform_python_implementation == \"CPython\""
name = "greenlet"
optional = false
python-versions = "*"
version = "0.4.15"

[[package]]
category = "main"
description = "Internationalized Domain Names in Applications (IDNA)"
name = "idna"
optional = false
python-versions = ">=2.7, !=3.0.*, !=3.1.*, !=3.2.*, !=3.3.*"
version = "2.8"

[[package]]
category = "main"
description = "IPython: Productive Interactive Computing"
name = "ipython"
optional = false
python-versions = ">=3.5"
version = "7.5.0"

[package.dependencies]
appnope = "*"
backcall = "*"
colorama = "*"
decorator = "*"
jedi = ">=0.10"
pexpect = "*"
pickleshare = "*"
prompt-toolkit = ">=2.0.0,<2.1.0"
pygments = "*"
setuptools = ">=18.5"
traitlets = ">=4.2"

[[package]]
category = "main"
description = "Vestigial utilities from IPython"
name = "ipython-genutils"
optional = false
python-versions = "*"
version = "0.2.0"

[[package]]
category = "main"
description = "An autocompletion tool for Python that can be used for text editors."
name = "jedi"
optional = false
python-versions = ">=2.7, !=3.0.*, !=3.1.*, !=3.2.*, !=3.3.*"
version = "0.13.3"

[package.dependencies]
parso = ">=0.3.0"

[[package]]
category = "main"
description = "A small but fast and easy to use stand-alone template engine written in pure python."
name = "jinja2"
optional = false
python-versions = "*"
version = "2.10.1"

[package.dependencies]
MarkupSafe = ">=0.23"

[[package]]
category = "main"
description = "An implementation of JSON Schema validation for Python"
name = "jsonschema"
optional = false
python-versions = "*"
version = "3.0.1"

[package.dependencies]
attrs = ">=17.4.0"
pyrsistent = ">=0.14.0"
setuptools = "*"
six = ">=1.11.0"

[[package]]
category = "main"
description = "Jupyter protocol implementation and client libraries"
name = "jupyter-client"
optional = false
python-versions = ">=2.7, !=3.0.*, !=3.1.*, !=3.2.*"
version = "5.2.4"

[package.dependencies]
jupyter-core = "*"
python-dateutil = ">=2.1"
pyzmq = ">=13"
tornado = ">=4.1"
traitlets = "*"

[[package]]
category = "main"
description = "Jupyter core package. A base package on which Jupyter projects rely."
name = "jupyter-core"
optional = false
python-versions = "*"
version = "4.4.0"

[package.dependencies]
traitlets = "*"

[[package]]
category = "main"
description = "Python logging made (stupidly) simple"
name = "loguru"
optional = false
python-versions = ">=3.5"
version = "0.2.5"

[package.dependencies]
ansimarkup = ">=1.4.0"
better-exceptions-fork = ">=0.2.1.post6"
colorama = ">=0.3.4"

[[package]]
category = "main"
description = "Safely add untrusted strings to HTML/XML markup."
name = "markupsafe"
optional = false
python-versions = ">=2.7,!=3.0.*,!=3.1.*,!=3.2.*,!=3.3.*"
version = "1.1.1"

[[package]]
category = "main"
description = "The fastest markdown parser in pure Python"
name = "mistune"
optional = false
python-versions = "*"
version = "0.8.4"

[[package]]
category = "main"
description = "MessagePack (de)serializer."
name = "msgpack-python"
optional = false
python-versions = "*"
version = "0.5.6"

[[package]]
category = "main"
description = "Converting Jupyter Notebooks"
name = "nbconvert"
optional = false
python-versions = ">=2.7, !=3.0.*, !=3.1.*, !=3.2.*, !=3.3.*, !=3.4.*"
version = "5.5.0"

[package.dependencies]
bleach = "*"
defusedxml = "*"
entrypoints = ">=0.2.2"
jinja2 = ">=2.4"
jupyter-core = "*"
mistune = ">=0.8.1"
nbformat = ">=4.4"
pandocfilters = ">=1.4.1"
pygments = "*"
testpath = "*"
traitlets = ">=4.2"

[[package]]
category = "main"
description = "The Jupyter Notebook format"
name = "nbformat"
optional = false
python-versions = "*"
version = "4.4.0"

[package.dependencies]
ipython-genutils = "*"
jsonschema = ">=2.4,<2.5.0 || >2.5.0"
jupyter-core = "*"
traitlets = ">=4.1"

[[package]]
category = "main"
description = "NumPy is the fundamental package for array computing with Python."
name = "numpy"
optional = false
python-versions = ">=2.7,!=3.0.*,!=3.1.*,!=3.2.*,!=3.3.*"
version = "1.16.4"

[[package]]
category = "main"
description = "Powerful data structures for data analysis, time series, and statistics"
name = "pandas"
optional = false
python-versions = ">=2.7,!=3.0.*,!=3.1.*,!=3.2.*,!=3.3.*,!=3.4.*"
version = "0.24.2"

[package.dependencies]
numpy = ">=1.12.0"
python-dateutil = ">=2.5.0"
pytz = ">=2011k"

[[package]]
category = "main"
description = "Utilities for writing pandoc filters in python"
name = "pandocfilters"
optional = false
python-versions = "*"
version = "1.4.2"

[[package]]
category = "main"
description = "Parametrize and run Jupyter and nteract Notebooks"
name = "papermill"
optional = false
python-versions = "*"
version = "1.0.1"

[package.dependencies]
ansiwrap = "*"
click = "*"
entrypoints = "*"
future = "*"
ipython = ">=5.0"
jupyter-client = "*"
nbconvert = ">=5.5"
nbformat = "*"
pyyaml = "*"
requests = "*"
six = "*"
tenacity = "*"
tqdm = ">=4.29.1"

[[package]]
category = "main"
description = "A Python Parser"
name = "parso"
optional = false
python-versions = "*"
version = "0.4.0"

[[package]]
category = "main"
description = "Utility library for gitignore style pattern matching of file paths."
name = "pathspec"
optional = false
python-versions = "*"
version = "0.5.9"

[[package]]
category = "main"
description = "a little orm"
name = "peewee"
optional = true
python-versions = "*"
version = "3.9.6"

[[package]]
category = "main"
description = "Pexpect allows easy control of interactive console applications."
marker = "sys_platform != \"win32\""
name = "pexpect"
optional = false
python-versions = "*"
version = "4.7.0"

[package.dependencies]
ptyprocess = ">=0.5"

[[package]]
category = "main"
description = "Tiny 'shelve'-like database with concurrency support"
name = "pickleshare"
optional = false
python-versions = "*"
version = "0.7.5"

[[package]]
category = "main"
description = "Library for building powerful interactive command lines in Python"
name = "prompt-toolkit"
optional = false
python-versions = "*"
version = "2.0.9"

[package.dependencies]
six = ">=1.9.0"
wcwidth = "*"

[[package]]
category = "main"
description = "Process monitoring"
name = "psmon"
optional = false
python-versions = ">=3.6"
version = "1.1.1"

[package.dependencies]
loguru = ">=0.2.5,<0.3.0"
psutil = ">=5.5,<6.0"

[[package]]
category = "main"
description = "Cross-platform lib for process and system monitoring in Python."
name = "psutil"
optional = false
python-versions = ">=2.6, !=3.0.*, !=3.1.*, !=3.2.*, !=3.3.*"
version = "5.6.2"

[[package]]
category = "main"
description = "Run a subprocess in a pseudo terminal"
marker = "sys_platform != \"win32\""
name = "ptyprocess"
optional = false
python-versions = "*"
version = "0.6.0"

[[package]]
category = "main"
description = "Get CPU info with pure Python 2 & 3"
name = "py-cpuinfo"
optional = false
python-versions = "*"
version = "5.0.0"

[[package]]
category = "main"
description = "C parser in Python"
marker = "sys_platform == \"win32\" and platform_python_implementation == \"CPython\""
name = "pycparser"
optional = false
python-versions = ">=2.7, !=3.0.*, !=3.1.*, !=3.2.*, !=3.3.*"
version = "2.19"

[[package]]
category = "main"
description = "Pygments is a syntax highlighting package written in Python."
name = "pygments"
optional = false
python-versions = ">=2.7, !=3.0.*, !=3.1.*, !=3.2.*, !=3.3.*, !=3.4.*"
version = "2.4.0"

[[package]]
category = "main"
description = "Python parsing module"
name = "pyparsing"
optional = false
python-versions = ">=2.6, !=3.0.*, !=3.1.*, !=3.2.*"
version = "2.4.0"

[[package]]
category = "main"
description = "Persistent/Functional/Immutable data structures"
name = "pyrsistent"
optional = false
python-versions = "*"
version = "0.15.2"

[package.dependencies]
six = "*"

[[package]]
category = "main"
description = "Extensions to the standard Python datetime module"
name = "python-dateutil"
optional = false
python-versions = ">=2.7, !=3.0.*, !=3.1.*, !=3.2.*"
version = "2.8.0"

[package.dependencies]
six = ">=1.5"

[[package]]
category = "main"
description = "World timezone definitions, modern and historical"
name = "pytz"
optional = false
python-versions = "*"
version = "2019.1"

[[package]]
category = "main"
description = "YAML parser and emitter for Python"
name = "pyyaml"
optional = false
python-versions = ">=2.7, !=3.0.*, !=3.1.*, !=3.2.*, !=3.3.*"
version = "5.1"

[[package]]
category = "main"
description = "Python bindings for 0MQ"
name = "pyzmq"
optional = false
python-versions = ">=2.7,!=3.0*,!=3.1*,!=3.2*"
version = "18.0.1"

[[package]]
category = "main"
description = "Python HTTP for Humans."
name = "requests"
optional = false
python-versions = ">=2.7, !=3.0.*, !=3.1.*, !=3.2.*, !=3.3.*, !=3.4.*"
version = "2.22.0"

[package.dependencies]
certifi = ">=2017.4.17"
chardet = ">=3.0.2,<3.1.0"
idna = ">=2.5,<2.9"
urllib3 = ">=1.21.1,<1.25.0 || >1.25.0,<1.25.1 || >1.25.1,<1.26"

[[package]]
category = "main"
description = "Retrying"
name = "retrying"
optional = false
python-versions = "*"
version = "1.3.3"

[package.dependencies]
six = ">=1.7.0"

[[package]]
category = "main"
description = "ruamel.yaml is a YAML parser/emitter that supports roundtrip preservation of comments, seq/map flow style, and map key order"
name = "ruamel.yaml"
optional = false
python-versions = "*"
version = "0.15.96"

[[package]]
category = "main"
description = "Python 2 and 3 compatibility utilities"
name = "six"
optional = false
python-versions = ">=2.6, !=3.0.*, !=3.1.*"
version = "1.12.0"

[[package]]
category = "main"
description = "Strict, typed YAML parser"
name = "strictyaml"
optional = false
python-versions = "*"
version = "1.0.1"

[package.dependencies]
python-dateutil = ">=2.6.0"
"ruamel.yaml" = ">=0.14.2"

[[package]]
category = "main"
description = "Retry code until it succeeeds"
name = "tenacity"
optional = false
python-versions = "*"
version = "5.0.4"

[package.dependencies]
six = ">=1.9.0"

[[package]]
category = "main"
description = "Test utilities for code working with files and commands"
name = "testpath"
optional = false
python-versions = "*"
version = "0.4.2"

[[package]]
category = "main"
description = "textwrap from Python 3.6 backport (plus a few tweaks)"
name = "textwrap3"
optional = false
python-versions = "*"
version = "0.9.2"

[[package]]
category = "dev"
description = "Python Library for Tom's Obvious, Minimal Language"
name = "toml"
optional = false
python-versions = "*"
version = "0.10.0"

[[package]]
category = "main"
description = "Tornado is a Python web framework and asynchronous networking library, originally developed at FriendFeed."
name = "tornado"
optional = false
python-versions = ">= 3.5"
version = "6.0.2"

[[package]]
category = "main"
description = "Fast, Extensible Progress Meter"
name = "tqdm"
optional = false
python-versions = ">=2.6, !=3.0.*, !=3.1.*"
version = "4.32.1"

[[package]]
category = "main"
description = "Traitlets Python config system"
name = "traitlets"
optional = false
python-versions = "*"
version = "4.3.2"

[package.dependencies]
decorator = "*"
ipython-genutils = "*"
six = "*"

[[package]]
category = "main"
description = "Type Hints for Python"
name = "typing"
optional = false
python-versions = "*"
version = "3.6.6"

[[package]]
category = "main"
description = "HTTP library with thread-safe connection pooling, file post, and more."
name = "urllib3"
optional = false
python-versions = "*"
version = "1.22"

[[package]]
category = "main"
description = "Measures number of Terminal column cells of wide-character codes"
name = "wcwidth"
optional = false
python-versions = "*"
version = "0.1.7"

[[package]]
category = "main"
description = "Character encoding aliases for legacy web content"
name = "webencodings"
optional = false
python-versions = "*"
version = "0.5.1"

[extras]
all = ["psmon", "psutil", "py-cpuinfo", "msgpack-python", "pyzmq", "gevent", "peewee", "apsw", "configspace", "pandas", "papermill"]
analytics = ["peewee", "apsw", "pandas", "papermill"]
client = ["pyzmq", "msgpack-python"]
pcs = ["configspace"]
psmon = ["psmon"]
server = ["pyzmq", "gevent", "peewee", "apsw", "msgpack-python"]
sysinfo = ["psutil", "py-cpuinfo"]

[metadata]
content-hash = "6db5ba234af09fd7f6820d54901b993bb6cabe21d618f040d6b7b77840867285"
python-versions = ">=3.6"

[metadata.hashes]
ansimarkup = ["06365e3ef89a12734fc408b2449cb4642d5fe2e603e95e7296eff9e98a0fe0b4", "174d920481416cec8d5a707af542d6fba25a1df1c21d8996479c32ba453649a4"]
ansiwrap = ["7b053567c88e1ad9eed030d3ac41b722125e4c1271c8a99ade797faff1f49fb1", "ca0c740734cde59bf919f8ff2c386f74f9a369818cdc60efe94893d01ea8d9b7"]
appdirs = ["9e5896d1372858f8dd3344faf4e5014d21849c756c8d5701f78f8a103b372d92", "d8b24664561d0d34ddfaec54636d502d7cea6e29c3eaf68f3df6180863e2166e"]
appnope = ["5b26757dc6f79a3b7dc9fab95359328d5747fcb2409d331ea66d0272b90ab2a0", "8b995ffe925347a2138d7ac0fe77155e4311a0ea6d6da4f5128fe4b3cbe5ed71"]
apsw = ["dab96fd164dde9e59f7f27228291498217fa0e74048e2c08c7059d7e39589270"]
attrs = ["69c0dbf2ed392de1cb5ec704444b08a5ef81680a61cb899dc08127123af36a79", "f0b870f674851ecbfbbbd364d6b5cbdff9dcedbc7f3f5e18a6891057f21fe399"]
backcall = ["38ecd85be2c1e78f77fd91700c76e14667dc21e2713b63876c0eb901196e01e4", "bbbf4b1e5cd2bdb08f915895b51081c041bac22394fdfcfdfbe9f14b77c08bf2"]
better-exceptions-fork = ["5f0983da51e956dbdaf8b9a3d10e2774b382ce6c6ff2e54685c33e2dbe8f1472"]
black = ["09a9dcb7c46ed496a9850b76e4e825d6049ecd38b611f1224857a79bd985a8cf", "68950ffd4d9169716bcb8719a56c07a2f4485354fec061cdd5910aa07369731c"]
bleach = ["213336e49e102af26d9cde77dd2d0397afabc5a6bf2fed985dc35b5d1e285a16", "3fdf7f77adcf649c9911387df51254b813185e32b2c6619f690b593a617e19fa"]
certifi = ["59b7658e26ca9c7339e00f8f4636cdfe59d34fa37b9b04f6f9e9926b3cece1a5", "b26104d6835d1f5e49452a26eb2ff87fe7090b89dfcaee5ea2212697e1e1d7ae"]
cffi = ["041c81822e9f84b1d9c401182e174996f0bae9991f33725d059b771744290774", "046ef9a22f5d3eed06334d01b1e836977eeef500d9b78e9ef693f9380ad0b83d", "066bc4c7895c91812eff46f4b1c285220947d4aa46fa0a2651ff85f2afae9c90", "066c7ff148ae33040c01058662d6752fd73fbc8e64787229ea8498c7d7f4041b", "2444d0c61f03dcd26dbf7600cf64354376ee579acad77aef459e34efcb438c63", "300832850b8f7967e278870c5d51e3819b9aad8f0a2c8dbe39ab11f119237f45", "34c77afe85b6b9e967bd8154e3855e847b70ca42043db6ad17f26899a3df1b25", "46de5fa00f7ac09f020729148ff632819649b3e05a007d286242c4882f7b1dc3", "4aa8ee7ba27c472d429b980c51e714a24f47ca296d53f4d7868075b175866f4b", "4d0004eb4351e35ed950c14c11e734182591465a33e960a4ab5e8d4f04d72647", "4e3d3f31a1e202b0f5a35ba3bc4eb41e2fc2b11c1eff38b362de710bcffb5016", "50bec6d35e6b1aaeb17f7c4e2b9374ebf95a8975d57863546fa83e8d31bdb8c4", "55cad9a6df1e2a1d62063f79d0881a414a906a6962bc160ac968cc03ed3efcfb", "5662ad4e4e84f1eaa8efce5da695c5d2e229c563f9d5ce5b0113f71321bcf753", "59b4dc008f98fc6ee2bb4fd7fc786a8d70000d058c2bbe2698275bc53a8d3fa7", "73e1ffefe05e4ccd7bcea61af76f36077b914f92b76f95ccf00b0c1b9186f3f9", "a1f0fd46eba2d71ce1589f7e50a9e2ffaeb739fb2c11e8192aa2b45d5f6cc41f", "a2e85dc204556657661051ff4bab75a84e968669765c8a2cd425918699c3d0e8", "a5457d47dfff24882a21492e5815f891c0ca35fefae8aa742c6c263dac16ef1f", "a8dccd61d52a8dae4a825cdbb7735da530179fea472903eb871a5513b5abbfdc", "ae61af521ed676cf16ae94f30fe202781a38d7178b6b4ab622e4eec8cefaff42", "b012a5edb48288f77a63dba0840c92d0504aa215612da4541b7b42d849bc83a3", "d2c5cfa536227f57f97c92ac30c8109688ace8fa4ac086d19d0af47d134e2909", "d42b5796e20aacc9d15e66befb7a345454eef794fdb0737d1af593447c6c8f45", "dee54f5d30d775f525894d67b1495625dd9322945e7fee00731952e0368ff42d", "e070535507bd6aa07124258171be2ee8dfc19119c28ca94c9dfb7efd23564512", "e1ff2748c84d97b065cc95429814cdba39bcbd77c9c85c89344b317dc0d9cbff", "ed851c75d1e0e043cbf5ca9a8e1b13c4c90f3fbd863dacb01c0808e2b5204201"]
chardet = ["84ab92ed1c4d4f16916e05906b6b75a6c0fb5db821cc65e70cbd64a3e2a5eaae", "fc323ffcaeaed0e0a02bf4d117757b98aed530d9ed4531e3e15460124c106691"]
click = ["2335065e6395b9e67ca716de5f7526736bfa6ceead690adf616d925bdc622b13", "5b94b49521f6456670fdb30cd82a4eca9412788a93fa6dd6df72c94d5a8ff2d7"]
colorama = ["05eed71e2e327246ad6b38c540c4a3117230b19679b875190486ddd2d721422d", "f8ac84de7840f5b9c4e3347b3c1eaa50f7e49c2b07596221daec5edaabbd7c48"]
configspace = ["108204939101feabf7ca7a4c794824a82ba1d125fe0e4f8eba484a82ee5a7d96"]
cython = ["0ce8f6c789c907472c9084a44b625eba76a85d0189513de1497ab102a9d39ef8", "0d67964b747ac09758ba31fe25da2f66f575437df5f121ff481889a7a4485f56", "1630823619a87a814e5c1fa9f96544272ce4f94a037a34093fbec74989342328", "1a4c634bb049c8482b7a4f3121330de1f1c1f66eac3570e1e885b0c392b6a451", "1ec91cc09e9f9a2c3173606232adccc68f3d14be1a15a8c5dc6ab97b47b31528", "237a8fdd8333f7248718875d930d1e963ffa519fefeb0756d01d91cbfadab0bc", "28a308cbfdf9b7bb44def918ad4a26b2d25a0095fa2f123addda33a32f308d00", "2fe3dde34fa125abf29996580d0182c18b8a240d7fa46d10984cc28d27808731", "30bda294346afa78c49a343e26f3ab2ad701e09f6a6373f579593f0cfcb1235a", "33d27ea23e12bf0d420e40c20308c03ef192d312e187c1f72f385edd9bd6d570", "34d24d9370a6089cdd5afe56aa3c4af456e6400f8b4abb030491710ee765bafc", "4e4877c2b96fae90f26ee528a87b9347872472b71c6913715ca15c8fe86a68c9", "50d6f1f26702e5f2a19890c7bc3de00f9b8a0ec131b52edccd56a60d02519649", "55d081162191b7c11c7bfcb7c68e913827dfd5de6ecdbab1b99dab190586c1e8", "59d339c7f99920ff7e1d9d162ea309b35775172e4bab9553f1b968cd43b21d6d", "6cf4d10df9edc040c955fca708bbd65234920e44c30fccd057ecf3128efb31ad", "6ec362539e2a6cf2329cd9820dec64868d8f0babe0d8dc5deff6c87a84d13f68", "7edc61a17c14b6e54d5317b0300d2da23d94a719c466f93cafa3b666b058c43b", "8e37fc4db3f2c4e7e1ed98fe4fe313f1b7202df985de4ee1451d2e331332afae", "b8c996bde5852545507bff45af44328fa48a7b22b5bec2f43083f0b8d1024fd9", "bf9c16f3d46af82f89fdefc0d64b2fb02f899c20da64548a8ea336beefcf8d23", "c1038aba898bed34ab1b5ddb0d3f9c9ae33b0649387ab9ffe6d0af677f66bfc1", "d405649c1bfc42e20d86178257658a859a3217b6e6d950ee8cb76353fcea9c39", "db6eeb20a3bd60e1cdcf6ce9a784bc82aec6ab891c800dc5d7824d5cfbfe77f2", "e382f8cb40dca45c3b439359028a4b60e74e22d391dc2deb360c0b8239d6ddc0", "f3f6c09e2c76f2537d61f907702dd921b04d1c3972f01d5530ef1f748f22bd89", "f749287087f67957c020e1de26906e88b8b0c4ea588facb7349c115a63346f67", "f86b96e014732c0d1ded2c1f51444c80176a98c21856d0da533db4e4aef54070"]
decorator = ["86156361c50488b84a3f148056ea716ca587df2f0de1d34750d35c21312725de", "f069f3a01830ca754ba5258fde2278454a0b5b79e0d7f5c13b3b97e57d4acff6"]
defusedxml = ["6687150770438374ab581bb7a1b327a847dd9c5749e396102de3fad4e8a3ef93", "f684034d135af4c6cbb949b8a4d2ed61634515257a67299e5f940fbaa34377f5"]
entrypoints = ["589f874b313739ad35be6e0cd7efde2a4e9b6fea91edcc34e58ecbb8dbe56d19", "c70dd71abe5a8c85e55e12c19bd91ccfeec11a6e99044204511f9ed547d48451"]
future = ["67045236dcfd6816dc439556d009594abf643e5eb48992e36beac09c2ca659b8"]
gevent = ["0774babec518a24d9a7231d4e689931f31b332c4517a771e532002614e270a64", "0e1e5b73a445fe82d40907322e1e0eec6a6745ca3cea19291c6f9f50117bb7ea", "0ff2b70e8e338cf13bedf146b8c29d475e2a544b5d1fe14045aee827c073842c", "107f4232db2172f7e8429ed7779c10f2ed16616d75ffbe77e0e0c3fcdeb51a51", "14b4d06d19d39a440e72253f77067d27209c67e7611e352f79fe69e0f618f76e", "1b7d3a285978b27b469c0ff5fb5a72bcd69f4306dbbf22d7997d83209a8ba917", "1eb7fa3b9bd9174dfe9c3b59b7a09b768ecd496debfc4976a9530a3e15c990d1", "2711e69788ddb34c059a30186e05c55a6b611cb9e34ac343e69cf3264d42fe1c", "28a0c5417b464562ab9842dd1fb0cc1524e60494641d973206ec24d6ec5f6909", "3249011d13d0c63bea72d91cec23a9cf18c25f91d1f115121e5c9113d753fa12", "44089ed06a962a3a70e96353c981d628b2d4a2f2a75ea5d90f916a62d22af2e8", "4bfa291e3c931ff3c99a349d8857605dca029de61d74c6bb82bd46373959c942", "50024a1ee2cf04645535c5ebaeaa0a60c5ef32e262da981f4be0546b26791950", "53b72385857e04e7faca13c613c07cab411480822ac658d97fd8a4ddbaf715c8", "74b7528f901f39c39cdbb50cdf08f1a2351725d9aebaef212a29abfbb06895ee", "7d0809e2991c9784eceeadef01c27ee6a33ca09ebba6154317a257353e3af922", "896b2b80931d6b13b5d9feba3d4eebc67d5e6ec54f0cf3339d08487d55d93b0e", "8d9ec51cc06580f8c21b41fd3f2b3465197ba5b23c00eb7d422b7ae0380510b0", "9f7a1e96fec45f70ad364e46de32ccacab4d80de238bd3c2edd036867ccd48ad", "ab4dc33ef0e26dc627559786a4fba0c2227f125db85d970abbf85b77506b3f51", "d1e6d1f156e999edab069d79d890859806b555ce4e4da5b6418616322f0a3df1", "d752bcf1b98174780e2317ada12013d612f05116456133a6acf3e17d43b71f05", "e5bcc4270671936349249d26140c267397b7b4b1381f5ec8b13c53c5b53ab6e1"]
greenlet = ["000546ad01e6389e98626c1367be58efa613fa82a1be98b0c6fc24b563acc6d0", "0d48200bc50cbf498716712129eef819b1729339e34c3ae71656964dac907c28", "23d12eacffa9d0f290c0fe0c4e81ba6d5f3a5b7ac3c30a5eaf0126bf4deda5c8", "37c9ba82bd82eb6a23c2e5acc03055c0e45697253b2393c9a50cef76a3985304", "51503524dd6f152ab4ad1fbd168fc6c30b5795e8c70be4410a64940b3abb55c0", "8041e2de00e745c0e05a502d6e6db310db7faa7c979b3a5877123548a4c0b214", "81fcd96a275209ef117e9ec91f75c731fa18dcfd9ffaa1c0adbdaa3616a86043", "853da4f9563d982e4121fed8c92eea1a4594a2299037b3034c3c898cb8e933d6", "8b4572c334593d449113f9dc8d19b93b7b271bdbe90ba7509eb178923327b625", "9416443e219356e3c31f1f918a91badf2e37acf297e2fa13d24d1cc2380f8fbc", "9854f612e1b59ec66804931df5add3b2d5ef0067748ea29dc60f0efdcda9a638", "99a26afdb82ea83a265137a398f570402aa1f2b5dfb4ac3300c026931817b163", "a19bf883b3384957e4a4a13e6bd1ae3d85ae87f4beb5957e35b0be287f12f4e4", "a9f145660588187ff835c55a7d2ddf6abfc570c2651c276d3d4be8a2766db490", "ac57fcdcfb0b73bb3203b58a14501abb7e5ff9ea5e2edfa06bb03035f0cff248", "bcb530089ff24f6458a81ac3fa699e8c00194208a724b644ecc68422e1111939", "beeabe25c3b704f7d56b573f7d2ff88fc99f0138e43480cecdfcaa3b87fe4f87", "d634a7ea1fc3380ff96f9e44d8d22f38418c1c381d5fac680b272d7d90883720", "d97b0661e1aead761f0ded3b769044bb00ed5d33e1ec865e891a8b128bf7c656"]
idna = ["c357b3f628cf53ae2c4c05627ecc484553142ca23264e593d327bcde5e9c3407", "ea8b7f6188e6fa117537c3df7da9fc686d485087abf6ac197f9c46432f7e4a3c"]
ipython = ["54c5a8aa1eadd269ac210b96923688ccf01ebb2d0f21c18c3c717909583579a8", "e840810029224b56cd0d9e7719dc3b39cf84d577f8ac686547c8ba7a06eeab26"]
ipython-genutils = ["72dd37233799e619666c9f639a9da83c34013a73e8bbc79a7a6348d93c61fab8", "eb2e116e75ecef9d4d228fdc66af54269afa26ab4463042e33785b887c628ba8"]
jedi = ["2bb0603e3506f708e792c7f4ad8fc2a7a9d9c2d292a358fbbd58da531695595b", "2c6bcd9545c7d6440951b12b44d373479bf18123a401a52025cf98563fbd826c"]
jinja2 = ["065c4f02ebe7f7cf559e49ee5a95fb800a9e4528727aec6f24402a5374c65013", "14dd6caf1527abb21f08f86c784eac40853ba93edb79552aa1e4b8aef1b61c7b"]
jsonschema = ["0c0a81564f181de3212efa2d17de1910f8732fa1b71c42266d983cd74304e20d", "a5f6559964a3851f59040d3b961de5e68e70971afb88ba519d27e6a039efff1a"]
jupyter-client = ["b5f9cb06105c1d2d30719db5ffb3ea67da60919fb68deaefa583deccd8813551", "c44411eb1463ed77548bc2d5ec0d744c9b81c4a542d9637c7a52824e2121b987"]
jupyter-core = ["927d713ffa616ea11972534411544589976b2493fc7e09ad946e010aa7eb9970", "ba70754aa680300306c699790128f6fbd8c306ee5927976cbe48adacf240c0b7"]
loguru = ["68297d9f23064c2f4764bb5d0c5c767f3ed7f9fc1218244841878f5fc7c94add", "ebac59630946721fd6207264679b267a8bdc290b086226067d6aad86830e3123"]
markupsafe = ["00bc623926325b26bb9605ae9eae8a215691f33cae5df11ca5424f06f2d1f473", "09027a7803a62ca78792ad89403b1b7a73a01c8cb65909cd876f7fcebd79b161", "09c4b7f37d6c648cb13f9230d847adf22f8171b1ccc4d5682398e77f40309235", "1027c282dad077d0bae18be6794e6b6b8c91d58ed8a8d89a89d59693b9131db5", "24982cc2533820871eba85ba648cd53d8623687ff11cbb805be4ff7b4c971aff", "29872e92839765e546828bb7754a68c418d927cd064fd4708fab9fe9c8bb116b", "43a55c2930bbc139570ac2452adf3d70cdbb3cfe5912c71cdce1c2c6bbd9c5d1", "46c99d2de99945ec5cb54f23c8cd5689f6d7177305ebff350a58ce5f8de1669e", "500d4957e52ddc3351cabf489e79c91c17f6e0899158447047588650b5e69183", "535f6fc4d397c1563d08b88e485c3496cf5784e927af890fb3c3aac7f933ec66", "62fe6c95e3ec8a7fad637b7f3d372c15ec1caa01ab47926cfdf7a75b40e0eac1", "6dd73240d2af64df90aa7c4e7481e23825ea70af4b4922f8ede5b9e35f78a3b1", "717ba8fe3ae9cc0006d7c451f0bb265ee07739daf76355d06366154ee68d221e", "79855e1c5b8da654cf486b830bd42c06e8780cea587384cf6545b7d9ac013a0b", "7c1699dfe0cf8ff607dbdcc1e9b9af1755371f92a68f706051cc8c37d447c905", "88e5fcfb52ee7b911e8bb6d6aa2fd21fbecc674eadd44118a9cc3863f938e735", "8defac2f2ccd6805ebf65f5eeb132adcf2ab57aa11fdf4c0dd5169a004710e7d", "98c7086708b163d425c67c7a91bad6e466bb99d797aa64f965e9d25c12111a5e", "9add70b36c5666a2ed02b43b335fe19002ee5235efd4b8a89bfcf9005bebac0d", "9bf40443012702a1d2070043cb6291650a0841ece432556f784f004937f0f32c", "ade5e387d2ad0d7ebf59146cc00c8044acbd863725f887353a10df825fc8ae21", "b00c1de48212e4cc9603895652c5c410df699856a2853135b3967591e4beebc2", "b1282f8c00509d99fef04d8ba936b156d419be841854fe901d8ae224c59f0be5", "b2051432115498d3562c084a49bba65d97cf251f5a331c64a12ee7e04dacc51b", "ba59edeaa2fc6114428f1637ffff42da1e311e29382d81b339c1817d37ec93c6", "c8716a48d94b06bb3b2524c2b77e055fb313aeb4ea620c8dd03a105574ba704f", "cd5df75523866410809ca100dc9681e301e3c27567cf498077e8551b6d20e42f", "e249096428b3ae81b08327a63a485ad0878de3fb939049038579ac0ef61e17e7"]
mistune = ["59a3429db53c50b5c6bcc8a07f8848cb00d7dc8bdb431a4ab41920d201d4756e", "88a1051873018da288eee8538d476dffe1262495144b33ecb586c4ab266bb8d4"]
msgpack-python = ["378cc8a6d3545b532dfd149da715abae4fda2a3adb6d74e525d0d5e51f46909b"]
nbconvert = ["138381baa41d83584459b5cfecfc38c800ccf1f37d9ddd0bd440783346a4c39c", "4a978548d8383f6b2cfca4a3b0543afb77bc7cb5a96e8b424337ab58c12da9bc"]
nbformat = ["b9a0dbdbd45bb034f4f8893cafd6f652ea08c8c1674ba83f2dc55d3955743b0b", "f7494ef0df60766b7cabe0a3651556345a963b74dbc16bc7c18479041170d402"]
numpy = ["0778076e764e146d3078b17c24c4d89e0ecd4ac5401beff8e1c87879043a0633", "141c7102f20abe6cf0d54c4ced8d565b86df4d3077ba2343b61a6db996cefec7", "14270a1ee8917d11e7753fb54fc7ffd1934f4d529235beec0b275e2ccf00333b", "27e11c7a8ec9d5838bc59f809bfa86efc8a4fd02e58960fa9c49d998e14332d5", "2a04dda79606f3d2f760384c38ccd3d5b9bb79d4c8126b67aff5eb09a253763e", "3c26010c1b51e1224a3ca6b8df807de6e95128b0908c7e34f190e7775455b0ca", "52c40f1a4262c896420c6ea1c6fda62cf67070e3947e3307f5562bd783a90336", "6e4f8d9e8aa79321657079b9ac03f3cf3fd067bf31c1cca4f56d49543f4356a5", "7242be12a58fec245ee9734e625964b97cf7e3f2f7d016603f9e56660ce479c7", "7dc253b542bfd4b4eb88d9dbae4ca079e7bf2e2afd819ee18891a43db66c60c7", "94f5bd885f67bbb25c82d80184abbf7ce4f6c3c3a41fbaa4182f034bba803e69", "a89e188daa119ffa0d03ce5123dee3f8ffd5115c896c2a9d4f0dbb3d8b95bfa3", "ad3399da9b0ca36e2f24de72f67ab2854a62e623274607e37e0ce5f5d5fa9166", "b0348be89275fd1d4c44ffa39530c41a21062f52299b1e3ee7d1c61f060044b8", "b5554368e4ede1856121b0dfa35ce71768102e4aa55e526cb8de7f374ff78722", "cbddc56b2502d3f87fda4f98d948eb5b11f36ff3902e17cb6cc44727f2200525", "d79f18f41751725c56eceab2a886f021d70fd70a6188fd386e29a045945ffc10", "dc2ca26a19ab32dc475dbad9dfe723d3a64c835f4c23f625c2b6566ca32b9f29", "dd9bcd4f294eb0633bb33d1a74febdd2b9018b8b8ed325f861fffcd2c7660bb8", "e8baab1bc7c9152715844f1faca6744f2416929de10d7639ed49555a85549f52", "ec31fe12668af687b99acf1567399632a7c47b0e17cfb9ae47c098644ef36797", "f12b4f7e2d8f9da3141564e6737d79016fe5336cc92de6814eba579744f65b0a", "f58ac38d5ca045a377b3b377c84df8175ab992c970a53332fa8ac2373df44ff7"]
pandas = ["071e42b89b57baa17031af8c6b6bbd2e9a5c68c595bc6bf9adabd7a9ed125d3b", "17450e25ae69e2e6b303817bdf26b2cd57f69595d8550a77c308be0cd0fd58fa", "17916d818592c9ec891cbef2e90f98cc85e0f1e89ed0924c9b5220dc3209c846", "2538f099ab0e9f9c9d09bbcd94b47fd889bad06dc7ae96b1ed583f1dc1a7a822", "366f30710172cb45a6b4f43b66c220653b1ea50303fbbd94e50571637ffb9167", "42e5ad741a0d09232efbc7fc648226ed93306551772fc8aecc6dce9f0e676794", "4e718e7f395ba5bfe8b6f6aaf2ff1c65a09bb77a36af6394621434e7cc813204", "4f919f409c433577a501e023943e582c57355d50a724c589e78bc1d551a535a2", "4fe0d7e6438212e839fc5010c78b822664f1a824c0d263fd858f44131d9166e2", "5149a6db3e74f23dc3f5a216c2c9ae2e12920aa2d4a5b77e44e5b804a5f93248", "627594338d6dd995cfc0bacd8e654cd9e1252d2a7c959449228df6740d737eb8", "83c702615052f2a0a7fb1dd289726e29ec87a27272d775cb77affe749cca28f8", "8c872f7fdf3018b7891e1e3e86c55b190e6c5cee70cab771e8f246c855001296", "90f116086063934afd51e61a802a943826d2aac572b2f7d55caaac51c13db5b5", "a3352bacac12e1fc646213b998bce586f965c9d431773d9e91db27c7c48a1f7d", "bcdd06007cca02d51350f96debe51331dec429ac8f93930a43eb8fb5639e3eb5", "c1bd07ebc15285535f61ddd8c0c75d0d6293e80e1ee6d9a8d73f3f36954342d0", "c9a4b7c55115eb278c19aa14b34fcf5920c8fe7797a09b7b053ddd6195ea89b3", "cc8fc0c7a8d5951dc738f1c1447f71c43734244453616f32b8aa0ef6013a5dfb", "d7b460bc316064540ce0c41c1438c416a40746fd8a4fb2999668bf18f3c4acf1"]
pandocfilters = ["b3dd70e169bb5449e6bc6ff96aea89c5eea8c5f6ab5e207fc2f521a2cf4a0da9"]
papermill = ["1c565e1fe7a99aeb5c4ebe1035d2c8f17c10999256df85bd427160154ca86d2f", "e9a2b532550bb92fc72d048a1a6125fa0ab6c2b3fde27a8ccfb1981cf074ed2c"]
parso = ["17cc2d7a945eb42c3569d4564cdf49bde221bc2b552af3eca9c1aad517dcdd33", "2e9574cb12e7112a87253e14e2c380ce312060269d04bd018478a3c92ea9a376"]
pathspec = ["54a5eab895d89f342b52ba2bffe70930ef9f8d96e398cccf530d21fa0516a873"]
peewee = ["bc879e1ffb7f7684f90d9dd236c77b5042118d079f94764f35e3806948829ac8"]
pexpect = ["2094eefdfcf37a1fdbfb9aa090862c1a4878e5c7e0e7e7088bdb511c558e5cd1", "9e2c1fd0e6ee3a49b28f95d4b33bc389c89b20af6a1255906e90ff1262ce62eb"]
pickleshare = ["87683d47965c1da65cdacaf31c8441d12b8044cdec9aca500cd78fc2c683afca", "9649af414d74d4df115d5d718f82acb59c9d418196b7b4290ed47a12ce62df56"]
prompt-toolkit = ["11adf3389a996a6d45cc277580d0d53e8a5afd281d0c9ec71b28e6f121463780", "2519ad1d8038fd5fc8e770362237ad0364d16a7650fb5724af6997ed5515e3c1", "977c6583ae813a37dc1c2e1b715892461fcbdaa57f6fc62f33a528c4886c8f55"]
psmon = ["c8427569fa3e65ac23802e3746b811142a5811d3a99311350be63d9ae2be53b2", "ecbd4e3a34b5f20ac5c62e4cd1e19f7384c6d72f2dd7d66c7b4bc36b529b8385"]
psutil = ["206eb909aa8878101d0eca07f4b31889c748f34ed6820a12eb3168c7aa17478e", "649f7ffc02114dced8fbd08afcd021af75f5f5b2311bc0e69e53e8f100fe296f", "6ebf2b9c996bb8c7198b385bade468ac8068ad8b78c54a58ff288cd5f61992c7", "753c5988edc07da00dafd6d3d279d41f98c62cd4d3a548c4d05741a023b0c2e7", "76fb0956d6d50e68e3f22e7cc983acf4e243dc0fcc32fd693d398cb21c928802", "828e1c3ca6756c54ac00f1427fdac8b12e21b8a068c3bb9b631a1734cada25ed", "a4c62319ec6bf2b3570487dd72d471307ae5495ce3802c1be81b8a22e438b4bc", "acba1df9da3983ec3c9c963adaaf530fcb4be0cd400a8294f1ecc2db56499ddd", "ef342cb7d9b60e6100364f50c57fa3a77d02ff8665d5b956746ac01901247ac4"]
ptyprocess = ["923f299cc5ad920c68f2bc0bc98b75b9f838b93b599941a6b63ddbc2476394c0", "d7cc528d76e76342423ca640335bd3633420dc1366f258cb31d05e865ef5ca1f"]
py-cpuinfo = ["2cf6426f776625b21d1db8397d3297ef7acfa59018f02a8779123f3190f18500"]
pycparser = ["a988718abfad80b6b157acce7bf130a30876d27603738ac39f140993246b25b3"]
pygments = ["31cba6ffb739f099a85e243eff8cb717089fdd3c7300767d9fc34cb8e1b065f5", "5ad302949b3c98dd73f8d9fcdc7e9cb592f120e32a18e23efd7f3dc51194472b"]
pyparsing = ["1873c03321fc118f4e9746baf201ff990ceb915f433f23b395f5580d1840cb2a", "9b6323ef4ab914af344ba97510e966d64ba91055d6b9afa6b30799340e89cc03"]
pyrsistent = ["16692ee739d42cf5e39cef8d27649a8c1fdb7aa99887098f1460057c5eb75c3a"]
python-dateutil = ["7e6584c74aeed623791615e26efd690f29817a27c73085b78e4bad02493df2fb", "c89805f6f4d64db21ed966fda138f8a5ed7a4fdbc1a8ee329ce1b74e3c74da9e"]
pytz = ["303879e36b721603cc54604edcac9d20401bdbe31e1e4fdee5b9f98d5d31dfda", "d747dd3d23d77ef44c6a3526e274af6efeb0a6f1afd5a69ba4d5be4098c8e141"]
pyyaml = ["1adecc22f88d38052fb787d959f003811ca858b799590a5eaa70e63dca50308c", "436bc774ecf7c103814098159fbb84c2715d25980175292c648f2da143909f95", "460a5a4248763f6f37ea225d19d5c205677d8d525f6a83357ca622ed541830c2", "5a22a9c84653debfbf198d02fe592c176ea548cccce47553f35f466e15cf2fd4", "7a5d3f26b89d688db27822343dfa25c599627bc92093e788956372285c6298ad", "9372b04a02080752d9e6f990179a4ab840227c6e2ce15b95e1278456664cf2ba", "a5dcbebee834eaddf3fa7366316b880ff4062e4bcc9787b78c7fbb4a26ff2dd1", "aee5bab92a176e7cd034e57f46e9df9a9862a71f8f37cad167c6fc74c65f5b4e", "c51f642898c0bacd335fc119da60baae0824f2cde95b0330b56c0553439f0673", "c68ea4d3ba1705da1e0d85da6684ac657912679a649e8868bd850d2c299cce13", "e23d0cc5299223dcc37885dae624f382297717e459ea24053709675a976a3e19"]
pyzmq = ["1651e52ed91f0736afd6d94ef9f3259b5534ce8beddb054f3d5ca989c4ef7c4f", "5ccb9b3d4cd20c000a9b75689d5add8cd3bce67fcbd0f8ae1b59345247d803af", "5e120c4cd3872e332fb35d255ad5998ebcee32ace4387b1b337416b6b90436c7", "5e2a3707c69a7281a9957f83718815fd74698cba31f6d69f9ed359921f662221", "63d51add9af8d0442dc90f916baf98fdc04e3b0a32afec4bfc83f8d85e72959f", "65c5a0bdc49e20f7d6b03a661f71e2fda7a99c51270cafe71598146d09810d0d", "66828fabe911aa545d919028441a585edb7c9c77969a5fea6722ef6e6ece38ab", "7d79427e82d9dad6e9b47c0b3e7ae5f9d489b1601e3a36ea629bb49501a4daf3", "824ee5d3078c4eae737ffc500fbf32f2b14e6ec89b26b435b7834febd70120cf", "89dc0a83cccec19ff3c62c091e43e66e0183d1e6b4658c16ee4e659518131494", "8b319805f6f7c907b101c864c3ca6cefc9db8ce0791356f180b1b644c7347e4c", "90facfb379ab47f94b19519c1ecc8ec8d10813b69d9c163117944948bdec5d15", "a0a178c7420021fc0730180a914a4b4b3092ce9696ceb8e72d0f60f8ce1655dd", "a7a89591ae315baccb8072f216614b3e59aed7385aef4393a6c741783d6ee9cf", "ba2578f0ae582452c02ed9fac2dc477b08e80ce05d2c0885becf5fff6651ccb0", "c69b0055c55702f5b0b6b354133e8325b9a56dbc80e1be2d240bead253fb9825", "ca434e1858fe222380221ddeb81e86f45522773344c9da63c311d17161df5e06", "d4b8ecfc3d92f114f04d5c40f60a65e5196198b827503341521dda12d8b14939", "d706025c47b09a54f005953ebe206f6d07a22516776faa4f509aaff681cc5468", "d8f27e958f8a2c0c8ffd4d8855c3ce8ac3fa1e105f0491ce31729aa2b3229740", "dbd264298f76b9060ce537008eb989317ca787c857e23cbd1b3ddf89f190a9b1", "e926d66f0df8fdbf03ba20583af0f215e475c667fb033d45fd031c66c63e34c9", "efc3bd48237f973a749f7312f68062f1b4ca5c2032a0673ca3ea8e46aa77187b", "f59bc782228777cbfe04555707a9c56d269c787ed25d6d28ed9d0fbb41cb1ad2", "f8da5322f4ff5f667a0d5a27e871b560c6637153c81e318b35cb012b2a98835c"]
requests = ["11e007a8a2aa0323f5a921e9e6a2d7e4e67d9877e85773fba9ba6419025cbeb4", "9cf5292fcd0f598c671cfc1e0d7d1a7f13bb8085e9a590f48c010551dc6c4b31"]
retrying = ["08c039560a6da2fe4f2c426d0766e284d3b736e355f8dd24b37367b0bb41973b"]
"ruamel.yaml" = ["0372b039c2358db2e7a7d5c77f2a37c552bd45896936f430678b5f00ac9fef08", "12ebbba6447cfd61491ace18a6972d4edaab6615c933ae8a0016c27c27ee93b7", "1973a131a7b5a604653ffd904286e53334c08306b575bf964ae87f226d4956cd", "21c130c2741e8499ad92362d24f68aad70089e77b206e6e85d62e255e6017c92", "21c6287beabb96c9f51478506b00db269276d84aa41a61f29c88af397406b267", "2e07d11526c70bfb3a07c77d73c72b7fcfae21cc7f2252c7d6419e25b6349d23", "32755f26f46816e46bd74fd48c4db63ee500b68cbe2394b2943daab573d12a33", "343ace5ffbab036536a3da65e4cfd31b8292388a389f6305744984581a479b2a", "3de37e2de83fa4016886bf40069e9cc7816b51a1f57687e6872cb414f891a573", "809db4d5213bfb0205e2dcc6118fbfa348e3ae39f3d8f6810e3e6831f3070321", "8810319a64d4cf5701feb7c2833b03f8bd29e1d6753e4b97cf977f889eb6354d", "8b91affdcab942ab1319d8d24345a3de8e0e70fd2871d5bb61e19e32b5ae31d9", "8e3d51a2d20a982a6eb38b0b9bcecdd2acacdcf2137081b0a744ca98cdcca9af", "97cc58bff414bf40b8b909aeadaa669becad35e182a2b229d0c3d6c9a34e1f15", "a6f4f214d6dc6253846630af7a701ee00ebd2730eca03c7e8e031d748b0e22e4", "e1e34869d005e3e5292f44022e01cc4eb3f045291ba01166908f97f4716e7a69", "effc63d7f86841cec3a4a76ed6c73f441e68c5ea02c3dee3faaaeda9fabc8cd8", "fc4c69b505f9178aa55b780cd8cde7c17927501046c7f0ebcd66959cd0dba2db"]
six = ["3350809f0555b11f552448330d0b52d5f24c91a322ea4a15ef22629740f3761c", "d16a0141ec1a18405cd4ce8b4613101da75da0e9a7aec5bdd4fa804d0e0eba73"]
strictyaml = ["06d7100587695a0edfabd772a6c6fb69071fc38c413df599e22dfd40e52f5fad"]
tenacity = ["a0c3c5f7ae0c33f5556c775ca059c12d6fd8ab7121613a713e8b7d649908571b", "b87c1934daa0b2ccc7db153c37b8bf91d12f165936ade8628e7b962b92dc7705"]
testpath = ["46c89ebb683f473ffe2aab0ed9f12581d4d078308a3cb3765d79c6b2317b0109", "b694b3d9288dbd81685c5d2e7140b81365d46c29f5db4bc659de5aa6b98780f8"]
textwrap3 = ["5008eeebdb236f6303dcd68f18b856d355f6197511d952ba74bc75e40e0c3414", "bf5f4c40faf2a9ff00a9e0791fed5da7415481054cef45bb4a3cfb1f69044ae0"]
toml = ["229f81c57791a41d65e399fc06bf0848bab550a9dfd5ed66df18ce5f05e73d5c", "235682dd292d5899d361a811df37e04a8828a5b1da3115886b73cf81ebc9100e", "f1db651f9657708513243e61e6cc67d101a39bad662eaa9b5546f789338e07a3"]
tornado = ["1174dcb84d08887b55defb2cda1986faeeea715fff189ef3dc44cce99f5fca6b", "2613fab506bd2aedb3722c8c64c17f8f74f4070afed6eea17f20b2115e445aec", "44b82bc1146a24e5b9853d04c142576b4e8fa7a92f2e30bc364a85d1f75c4de2", "457fcbee4df737d2defc181b9073758d73f54a6cfc1f280533ff48831b39f4a8", "49603e1a6e24104961497ad0c07c799aec1caac7400a6762b687e74c8206677d", "8c2f40b99a8153893793559919a355d7b74649a11e59f411b0b0a1793e160bc0", "e1d897889c3b5a829426b7d52828fb37b28bc181cd598624e65c8be40ee3f7fa"]
tqdm = ["0a860bf2683fdbb4812fe539a6c22ea3f1777843ea985cb8c3807db448a0f7ab", "e288416eecd4df19d12407d0c913cbf77aa8009d7fddb18f632aded3bdbdda6b"]
traitlets = ["9c4bd2d267b7153df9152698efb1050a5d84982d3384a37b2c1f7723ba3e7835", "c6cb5e6f57c5a9bdaa40fa71ce7b4af30298fbab9ece9815b5d995ab6217c7d9"]
typing = ["4027c5f6127a6267a435201981ba156de91ad0d1d98e9ddc2aa173453453492d", "57dcf675a99b74d64dacf6fba08fb17cf7e3d5fdff53d4a30ea2a5e7e52543d4", "a4c8473ce11a65999c8f59cb093e70686b6c84c98df58c1dae9b3b196089858a"]
urllib3 = ["06330f386d6e4b195fbfc736b297f58c5a892e4440e54d294d7004e3a9bbea1b", "cc44da8e1145637334317feebd728bd869a35285b93cbb4cca2577da7e62db4f"]
wcwidth = ["3df37372226d6e63e1b1e1eda15c594bca98a22d33a23832a90998faa96bc65e", "f4ebe71925af7b40a864553f761ed559b43544f8f71746c2d756c7fe788ade7c"]
webencodings = ["a0af1213f3c2226497a97e2b3aa01a7e4bee4f403f95be16fc9acd2947514a78", "b36a1c245f2d304965eb4e0a82848379241dc04b865afcc4aab16748587e1923"]
